# This file was autogenerated by Stack.
# You should not edit this file by hand.
# For more information, please see the documentation at:
#   https://docs.haskellstack.org/en/stable/lock_files

packages: []
snapshots:
- completed:
    size: 516880
    url: https://raw.githubusercontent.com/commercialhaskell/stackage-snapshots/master/nightly/2020/4/24.yaml
    sha256: 6d86f7c2bd4c898ef10ae42ccbd0df67f00236bb6d85c4be16f703ee3b90d495
  original: nightly-2020-04-24
